{
    "requires": true,
    "lockfileVersion": 1,
    "dependencies": {
        "livereload-js": {
            "version": "3.0.0",
            "resolved": "https://registry.npmjs.org/livereload-js/-/livereload-js-3.0.0.tgz",
            "integrity": "sha512-wEfpGMQ84cbL+xKOYbt7vAu5gBzmpplf+UO3gjlwfeH9I2NlnZQgneZFuMY0UjFHB3ybJSUfE4r5sw3wBrCm9w=="
        }
    }
}
